
Microsoft Visual Studio Solution File, Format Version 12.00
# Visual Studio Version 17
VisualStudioVersion = 17.8.34322.80
MinimumVisualStudioVersion = 10.0.40219.1
Project("{9A19103F-16F7-4668-BE54-9A1E7A4F7556}") = "Day01", "Day1\Day01.csproj", "{FDE1E841-A890-4368-8793-803AFE5B71C0}"
EndProject
Project("{9A19103F-16F7-4668-BE54-9A1E7A4F7556}") = "Benchmarks", "Benchmarks\Benchmarks.csproj", "{B3DDE1AF-DA99-43A6-A539-D26B57B9A333}"
EndProject
Project("{9A19103F-16F7-4668-BE54-9A1E7A4F7556}") = "Day02", "Day02_1\Day02.csproj", "{327463F8-11A9-4BEB-8C1D-62D681585320}"
EndProject
Project("{9A19103F-16F7-4668-BE54-9A1E7A4F7556}") = "Utilities", "Utilities\Utilities.csproj", "{5A4915BA-F599-4138-BDD6-A66E2B06B7C2}"
EndProject
Project("{9A19103F-16F7-4668-BE54-9A1E7A4F7556}") = "Day03", "Day03\Day03.csproj", "{4DA4FB7E-2164-4C20-8C67-60289B442A6D}"
EndProject
Project("{9A19103F-16F7-4668-BE54-9A1E7A4F7556}") = "Day04", "Day04\Day04.csproj", "{FA98A3EE-7B40-41FD-A28D-05BA470D498A}"
EndProject
Project("{9A19103F-16F7-4668-BE54-9A1E7A4F7556}") = "Day05", "Day05\Day05.csproj", "{B19E2808-F45D-4B45-9B02-B5EB1A23236A}"
EndProject
Project("{FAE04EC0-301F-11D3-BF4B-00C04F79EFBC}") = "Day06", "Day06\Day06.csproj", "{1B64A29E-B72E-4938-A7F7-D8F7E8A17557}"
EndProject
Project("{9A19103F-16F7-4668-BE54-9A1E7A4F7556}") = "Day07", "Day07\Day07.csproj", "{92D7A2B5-B3AC-42BA-BED2-4388E38F7379}"
EndProject
Global
	GlobalSection(SolutionConfigurationPlatforms) = preSolution
		Debug|Any CPU = Debug|Any CPU
		Release|Any CPU = Release|Any CPU
	EndGlobalSection
	GlobalSection(ProjectConfigurationPlatforms) = postSolution
		{FDE1E841-A890-4368-8793-803AFE5B71C0}.Debug|Any CPU.ActiveCfg = Debug|Any CPU
		{FDE1E841-A890-4368-8793-803AFE5B71C0}.Debug|Any CPU.Build.0 = Debug|Any CPU
		{FDE1E841-A890-4368-8793-803AFE5B71C0}.Release|Any CPU.ActiveCfg = Release|Any CPU
		{FDE1E841-A890-4368-8793-803AFE5B71C0}.Release|Any CPU.Build.0 = Release|Any CPU
		{B3DDE1AF-DA99-43A6-A539-D26B57B9A333}.Debug|Any CPU.ActiveCfg = Debug|Any CPU
		{B3DDE1AF-DA99-43A6-A539-D26B57B9A333}.Debug|Any CPU.Build.0 = Debug|Any CPU
		{B3DDE1AF-DA99-43A6-A539-D26B57B9A333}.Release|Any CPU.ActiveCfg = Release|Any CPU
		{B3DDE1AF-DA99-43A6-A539-D26B57B9A333}.Release|Any CPU.Build.0 = Release|Any CPU
		{327463F8-11A9-4BEB-8C1D-62D681585320}.Debug|Any CPU.ActiveCfg = Debug|Any CPU
		{327463F8-11A9-4BEB-8C1D-62D681585320}.Debug|Any CPU.Build.0 = Debug|Any CPU
		{327463F8-11A9-4BEB-8C1D-62D681585320}.Release|Any CPU.ActiveCfg = Release|Any CPU
		{327463F8-11A9-4BEB-8C1D-62D681585320}.Release|Any CPU.Build.0 = Release|Any CPU
		{5A4915BA-F599-4138-BDD6-A66E2B06B7C2}.Debug|Any CPU.ActiveCfg = Debug|Any CPU
		{5A4915BA-F599-4138-BDD6-A66E2B06B7C2}.Debug|Any CPU.Build.0 = Debug|Any CPU
		{5A4915BA-F599-4138-BDD6-A66E2B06B7C2}.Release|Any CPU.ActiveCfg = Release|Any CPU
		{5A4915BA-F599-4138-BDD6-A66E2B06B7C2}.Release|Any CPU.Build.0 = Release|Any CPU
		{4DA4FB7E-2164-4C20-8C67-60289B442A6D}.Debug|Any CPU.ActiveCfg = Debug|Any CPU
		{4DA4FB7E-2164-4C20-8C67-60289B442A6D}.Debug|Any CPU.Build.0 = Debug|Any CPU
		{4DA4FB7E-2164-4C20-8C67-60289B442A6D}.Release|Any CPU.ActiveCfg = Release|Any CPU
		{4DA4FB7E-2164-4C20-8C67-60289B442A6D}.Release|Any CPU.Build.0 = Release|Any CPU
		{FA98A3EE-7B40-41FD-A28D-05BA470D498A}.Debug|Any CPU.ActiveCfg = Debug|Any CPU
		{FA98A3EE-7B40-41FD-A28D-05BA470D498A}.Debug|Any CPU.Build.0 = Debug|Any CPU
		{FA98A3EE-7B40-41FD-A28D-05BA470D498A}.Release|Any CPU.ActiveCfg = Release|Any CPU
		{FA98A3EE-7B40-41FD-A28D-05BA470D498A}.Release|Any CPU.Build.0 = Release|Any CPU
		{B19E2808-F45D-4B45-9B02-B5EB1A23236A}.Debug|Any CPU.ActiveCfg = Debug|Any CPU
		{B19E2808-F45D-4B45-9B02-B5EB1A23236A}.Debug|Any CPU.Build.0 = Debug|Any CPU
		{B19E2808-F45D-4B45-9B02-B5EB1A23236A}.Release|Any CPU.ActiveCfg = Release|Any CPU
		{B19E2808-F45D-4B45-9B02-B5EB1A23236A}.Release|Any CPU.Build.0 = Release|Any CPU
		{1B64A29E-B72E-4938-A7F7-D8F7E8A17557}.Debug|Any CPU.ActiveCfg = Debug|Any CPU
		{1B64A29E-B72E-4938-A7F7-D8F7E8A17557}.Debug|Any CPU.Build.0 = Debug|Any CPU
		{1B64A29E-B72E-4938-A7F7-D8F7E8A17557}.Release|Any CPU.ActiveCfg = Release|Any CPU
		{1B64A29E-B72E-4938-A7F7-D8F7E8A17557}.Release|Any CPU.Build.0 = Release|Any CPU
		{92D7A2B5-B3AC-42BA-BED2-4388E38F7379}.Debug|Any CPU.ActiveCfg = Debug|Any CPU
		{92D7A2B5-B3AC-42BA-BED2-4388E38F7379}.Debug|Any CPU.Build.0 = Debug|Any CPU
		{92D7A2B5-B3AC-42BA-BED2-4388E38F7379}.Release|Any CPU.ActiveCfg = Release|Any CPU
		{92D7A2B5-B3AC-42BA-BED2-4388E38F7379}.Release|Any CPU.Build.0 = Release|Any CPU
	EndGlobalSection
	GlobalSection(SolutionProperties) = preSolution
		HideSolutionNode = FALSE
	EndGlobalSection
	GlobalSection(ExtensibilityGlobals) = postSolution
		SolutionGuid = {64ED84DD-7152-4673-BDDC-22232A1D7273}
	EndGlobalSection
EndGlobal
